// !$*UTF8*$!
{
	archiveVersion = 1;
	classes = {
	};
	objectVersion = 55;
	objects = {

/* Begin PBXBuildFile section */
		D202D6B42882D06A00EE3224 /* Roots in Frameworks */ = {isa = PBXBuildFile; productRef = D202D6B32882D06A00EE3224 /* Roots */; };
		D202D6B72882D12100EE3224 /* I18n.swift in Sources */ = {isa = PBXBuildFile; fileRef = D202D6B62882D12100EE3224 /* I18n.swift */; };
		D202D6B92882D26000EE3224 /* FeedRedditTableViewCell.swift in Sources */ = {isa = PBXBuildFile; fileRef = D202D6B82882D26000EE3224 /* FeedRedditTableViewCell.swift */; };
		D202D6C02882D44700EE3224 /* I18n+Feed.swift in Sources */ = {isa = PBXBuildFile; fileRef = D202D6BF2882D44700EE3224 /* I18n+Feed.swift */; };
		D27C73E528846F01003658CD /* FeedRedditViewModel.swift in Sources */ = {isa = PBXBuildFile; fileRef = D27C73E428846F01003658CD /* FeedRedditViewModel.swift */; };
		D27C73E728847B02003658CD /* FeedViewModel.swift in Sources */ = {isa = PBXBuildFile; fileRef = D27C73E628847B02003658CD /* FeedViewModel.swift */; };
		D2ABAE282883560F00B43776 /* IntrinsicContentSizeWrapper.swift in Sources */ = {isa = PBXBuildFile; fileRef = D2ABAE272883560F00B43776 /* IntrinsicContentSizeWrapper.swift */; };
		D2ABAE2A28843B3D00B43776 /* UIKit+PreviewProvider.swift in Sources */ = {isa = PBXBuildFile; fileRef = D2ABAE2928843B3D00B43776 /* UIKit+PreviewProvider.swift */; };
		D2ABAE2C2884428500B43776 /* UIView+Constraints.swift in Sources */ = {isa = PBXBuildFile; fileRef = D2ABAE2B2884428500B43776 /* UIView+Constraints.swift */; };
		D2B53D8D286B1196001E0A55 /* AppDelegate.swift in Sources */ = {isa = PBXBuildFile; fileRef = D2B53D8C286B1196001E0A55 /* AppDelegate.swift */; };
		D2B53D8F286B1196001E0A55 /* SceneDelegate.swift in Sources */ = {isa = PBXBuildFile; fileRef = D2B53D8E286B1196001E0A55 /* SceneDelegate.swift */; };
		D2B53D91286B1196001E0A55 /* FeedViewController.swift in Sources */ = {isa = PBXBuildFile; fileRef = D2B53D90286B1196001E0A55 /* FeedViewController.swift */; };
		D2B53D96286B1197001E0A55 /* Assets.xcassets in Resources */ = {isa = PBXBuildFile; fileRef = D2B53D95286B1197001E0A55 /* Assets.xcassets */; };
		D2B53D99286B1197001E0A55 /* LaunchScreen.storyboard in Resources */ = {isa = PBXBuildFile; fileRef = D2B53D97286B1197001E0A55 /* LaunchScreen.storyboard */; };
		D2B53DAE286B1197001E0A55 /* FeedmeUITests.swift in Sources */ = {isa = PBXBuildFile; fileRef = D2B53DAD286B1197001E0A55 /* FeedmeUITests.swift */; };
		D2B53DB0286B1197001E0A55 /* FeedmeUITestsLaunchTests.swift in Sources */ = {isa = PBXBuildFile; fileRef = D2B53DAF286B1197001E0A55 /* FeedmeUITestsLaunchTests.swift */; };
		D2B53DC1286B1EF8001E0A55 /* Preview Assets.xcassets in Resources */ = {isa = PBXBuildFile; fileRef = D2B53DC0286B1EF8001E0A55 /* Preview Assets.xcassets */; };
		D2B769452889D16B0034E078 /* UITableView+DequeReusableCellOfType.swift in Sources */ = {isa = PBXBuildFile; fileRef = D2B769442889D16B0034E078 /* UITableView+DequeReusableCellOfType.swift */; };
		D2B7694C288A151F0034E078 /* RedditModel.swift in Sources */ = {isa = PBXBuildFile; fileRef = D2B7694B288A151F0034E078 /* RedditModel.swift */; };
		D2B7694F288A21520034E078 /* AppEnvironment.swift in Sources */ = {isa = PBXBuildFile; fileRef = D2B7694E288A21520034E078 /* AppEnvironment.swift */; };
		D2B76951288A215A0034E078 /* AppState.swift in Sources */ = {isa = PBXBuildFile; fileRef = D2B76950288A215A0034E078 /* AppState.swift */; };
		D2B76955288A80980034E078 /* RedditModelTests.swift in Sources */ = {isa = PBXBuildFile; fileRef = D2B76954288A80980034E078 /* RedditModelTests.swift */; };
		D2C8A0B0288A88850079FCAC /* FeedState.swift in Sources */ = {isa = PBXBuildFile; fileRef = D2C8A0AF288A88850079FCAC /* FeedState.swift */; };
		D2C8A0B2288A8E280079FCAC /* AppAction.swift in Sources */ = {isa = PBXBuildFile; fileRef = D2C8A0B1288A8E280079FCAC /* AppAction.swift */; };
		D2C8A0B4288A8E530079FCAC /* FeedAction.swift in Sources */ = {isa = PBXBuildFile; fileRef = D2C8A0B3288A8E530079FCAC /* FeedAction.swift */; };
		D2C8A0B6288ABEBC0079FCAC /* FeedReducer.swift in Sources */ = {isa = PBXBuildFile; fileRef = D2C8A0B5288ABEBC0079FCAC /* FeedReducer.swift */; };
		D2C8A0B8288AC02D0079FCAC /* FeedEffect.swift in Sources */ = {isa = PBXBuildFile; fileRef = D2C8A0B7288AC02D0079FCAC /* FeedEffect.swift */; };
		D2C8A0BC288AC1D80079FCAC /* FeedViewModelTests.swift in Sources */ = {isa = PBXBuildFile; fileRef = D2C8A0BB288AC1D80079FCAC /* FeedViewModelTests.swift */; };
		D2C8A0BE288AC1F20079FCAC /* FeedRedditViewModelTests.swift in Sources */ = {isa = PBXBuildFile; fileRef = D2C8A0BD288AC1F20079FCAC /* FeedRedditViewModelTests.swift */; };
		D2C8A0C0288ACAB50079FCAC /* FeedEnvironment.swift in Sources */ = {isa = PBXBuildFile; fileRef = D2C8A0BF288ACAB50079FCAC /* FeedEnvironment.swift */; };
		D2C8A0C2288AE4CD0079FCAC /* HTTP.swift in Sources */ = {isa = PBXBuildFile; fileRef = D2C8A0C1288AE4CD0079FCAC /* HTTP.swift */; };
		D2C8A0C5288B2CBD0079FCAC /* RedditRequest.swift in Sources */ = {isa = PBXBuildFile; fileRef = D2C8A0C4288B2CBD0079FCAC /* RedditRequest.swift */; };
		D2F7A317286F04C400E01035 /* Store.swift in Sources */ = {isa = PBXBuildFile; fileRef = D2F7A316286F04C400E01035 /* Store.swift */; };
/* End PBXBuildFile section */

/* Begin PBXContainerItemProxy section */
		D2B53DA0286B1197001E0A55 /* PBXContainerItemProxy */ = {
			isa = PBXContainerItemProxy;
			containerPortal = D2B53D81286B1196001E0A55 /* Project object */;
			proxyType = 1;
			remoteGlobalIDString = D2B53D88286B1196001E0A55;
			remoteInfo = feedme;
		};
		D2B53DAA286B1197001E0A55 /* PBXContainerItemProxy */ = {
			isa = PBXContainerItemProxy;
			containerPortal = D2B53D81286B1196001E0A55 /* Project object */;
			proxyType = 1;
			remoteGlobalIDString = D2B53D88286B1196001E0A55;
			remoteInfo = feedme;
		};
/* End PBXContainerItemProxy section */

/* Begin PBXFileReference section */
		D202D6B62882D12100EE3224 /* I18n.swift */ = {isa = PBXFileReference; lastKnownFileType = sourcecode.swift; path = I18n.swift; sourceTree = "<group>"; };
		D202D6B82882D26000EE3224 /* FeedRedditTableViewCell.swift */ = {isa = PBXFileReference; lastKnownFileType = sourcecode.swift; path = FeedRedditTableViewCell.swift; sourceTree = "<group>"; };
		D202D6BF2882D44700EE3224 /* I18n+Feed.swift */ = {isa = PBXFileReference; lastKnownFileType = sourcecode.swift; path = "I18n+Feed.swift"; sourceTree = "<group>"; };
		D27C73E428846F01003658CD /* FeedRedditViewModel.swift */ = {isa = PBXFileReference; lastKnownFileType = sourcecode.swift; path = FeedRedditViewModel.swift; sourceTree = "<group>"; };
		D27C73E628847B02003658CD /* FeedViewModel.swift */ = {isa = PBXFileReference; lastKnownFileType = sourcecode.swift; path = FeedViewModel.swift; sourceTree = "<group>"; };
		D2ABAE272883560F00B43776 /* IntrinsicContentSizeWrapper.swift */ = {isa = PBXFileReference; lastKnownFileType = sourcecode.swift; path = IntrinsicContentSizeWrapper.swift; sourceTree = "<group>"; };
		D2ABAE2928843B3D00B43776 /* UIKit+PreviewProvider.swift */ = {isa = PBXFileReference; lastKnownFileType = sourcecode.swift; path = "UIKit+PreviewProvider.swift"; sourceTree = "<group>"; };
		D2ABAE2B2884428500B43776 /* UIView+Constraints.swift */ = {isa = PBXFileReference; lastKnownFileType = sourcecode.swift; path = "UIView+Constraints.swift"; sourceTree = "<group>"; };
		D2B53D89286B1196001E0A55 /* feedme.app */ = {isa = PBXFileReference; explicitFileType = wrapper.application; includeInIndex = 0; path = feedme.app; sourceTree = BUILT_PRODUCTS_DIR; };
		D2B53D8C286B1196001E0A55 /* AppDelegate.swift */ = {isa = PBXFileReference; lastKnownFileType = sourcecode.swift; path = AppDelegate.swift; sourceTree = "<group>"; };
		D2B53D8E286B1196001E0A55 /* SceneDelegate.swift */ = {isa = PBXFileReference; lastKnownFileType = sourcecode.swift; path = SceneDelegate.swift; sourceTree = "<group>"; };
		D2B53D90286B1196001E0A55 /* FeedViewController.swift */ = {isa = PBXFileReference; lastKnownFileType = sourcecode.swift; path = FeedViewController.swift; sourceTree = "<group>"; };
		D2B53D95286B1197001E0A55 /* Assets.xcassets */ = {isa = PBXFileReference; lastKnownFileType = folder.assetcatalog; path = Assets.xcassets; sourceTree = "<group>"; };
		D2B53D98286B1197001E0A55 /* Base */ = {isa = PBXFileReference; lastKnownFileType = file.storyboard; name = Base; path = Base.lproj/LaunchScreen.storyboard; sourceTree = "<group>"; };
		D2B53D9A286B1197001E0A55 /* Info.plist */ = {isa = PBXFileReference; lastKnownFileType = text.plist.xml; path = Info.plist; sourceTree = "<group>"; };
		D2B53D9F286B1197001E0A55 /* Tests.xctest */ = {isa = PBXFileReference; explicitFileType = wrapper.cfbundle; includeInIndex = 0; path = Tests.xctest; sourceTree = BUILT_PRODUCTS_DIR; };
		D2B53DA9286B1197001E0A55 /* UITests.xctest */ = {isa = PBXFileReference; explicitFileType = wrapper.cfbundle; includeInIndex = 0; path = UITests.xctest; sourceTree = BUILT_PRODUCTS_DIR; };
		D2B53DAD286B1197001E0A55 /* FeedmeUITests.swift */ = {isa = PBXFileReference; lastKnownFileType = sourcecode.swift; path = FeedmeUITests.swift; sourceTree = "<group>"; };
		D2B53DAF286B1197001E0A55 /* FeedmeUITestsLaunchTests.swift */ = {isa = PBXFileReference; lastKnownFileType = sourcecode.swift; path = FeedmeUITestsLaunchTests.swift; sourceTree = "<group>"; };
		D2B53DC0286B1EF8001E0A55 /* Preview Assets.xcassets */ = {isa = PBXFileReference; lastKnownFileType = folder.assetcatalog; path = "Preview Assets.xcassets"; sourceTree = "<group>"; };
		D2B769442889D16B0034E078 /* UITableView+DequeReusableCellOfType.swift */ = {isa = PBXFileReference; lastKnownFileType = sourcecode.swift; path = "UITableView+DequeReusableCellOfType.swift"; sourceTree = "<group>"; };
		D2B7694B288A151F0034E078 /* RedditModel.swift */ = {isa = PBXFileReference; lastKnownFileType = sourcecode.swift; path = RedditModel.swift; sourceTree = "<group>"; };
		D2B7694E288A21520034E078 /* AppEnvironment.swift */ = {isa = PBXFileReference; lastKnownFileType = sourcecode.swift; path = AppEnvironment.swift; sourceTree = "<group>"; };
		D2B76950288A215A0034E078 /* AppState.swift */ = {isa = PBXFileReference; lastKnownFileType = sourcecode.swift; path = AppState.swift; sourceTree = "<group>"; };
		D2B76954288A80980034E078 /* RedditModelTests.swift */ = {isa = PBXFileReference; lastKnownFileType = sourcecode.swift; path = RedditModelTests.swift; sourceTree = "<group>"; };
		D2C8A0AF288A88850079FCAC /* FeedState.swift */ = {isa = PBXFileReference; lastKnownFileType = sourcecode.swift; path = FeedState.swift; sourceTree = "<group>"; };
		D2C8A0B1288A8E280079FCAC /* AppAction.swift */ = {isa = PBXFileReference; lastKnownFileType = sourcecode.swift; path = AppAction.swift; sourceTree = "<group>"; };
		D2C8A0B3288A8E530079FCAC /* FeedAction.swift */ = {isa = PBXFileReference; lastKnownFileType = sourcecode.swift; path = FeedAction.swift; sourceTree = "<group>"; };
		D2C8A0B5288ABEBC0079FCAC /* FeedReducer.swift */ = {isa = PBXFileReference; lastKnownFileType = sourcecode.swift; path = FeedReducer.swift; sourceTree = "<group>"; };
		D2C8A0B7288AC02D0079FCAC /* FeedEffect.swift */ = {isa = PBXFileReference; lastKnownFileType = sourcecode.swift; path = FeedEffect.swift; sourceTree = "<group>"; };
		D2C8A0BB288AC1D80079FCAC /* FeedViewModelTests.swift */ = {isa = PBXFileReference; lastKnownFileType = sourcecode.swift; path = FeedViewModelTests.swift; sourceTree = "<group>"; };
		D2C8A0BD288AC1F20079FCAC /* FeedRedditViewModelTests.swift */ = {isa = PBXFileReference; lastKnownFileType = sourcecode.swift; path = FeedRedditViewModelTests.swift; sourceTree = "<group>"; };
		D2C8A0BF288ACAB50079FCAC /* FeedEnvironment.swift */ = {isa = PBXFileReference; lastKnownFileType = sourcecode.swift; path = FeedEnvironment.swift; sourceTree = "<group>"; };
		D2C8A0C1288AE4CD0079FCAC /* HTTP.swift */ = {isa = PBXFileReference; lastKnownFileType = sourcecode.swift; path = HTTP.swift; sourceTree = "<group>"; };
		D2C8A0C4288B2CBD0079FCAC /* RedditRequest.swift */ = {isa = PBXFileReference; lastKnownFileType = sourcecode.swift; path = RedditRequest.swift; sourceTree = "<group>"; };
		D2F7A316286F04C400E01035 /* Store.swift */ = {isa = PBXFileReference; lastKnownFileType = sourcecode.swift; path = Store.swift; sourceTree = "<group>"; };
/* End PBXFileReference section */

/* Begin PBXFrameworksBuildPhase section */
		D2B53D86286B1196001E0A55 /* Frameworks */ = {
			isa = PBXFrameworksBuildPhase;
			buildActionMask = 2147483647;
			files = (
				D202D6B42882D06A00EE3224 /* Roots in Frameworks */,
			);
			runOnlyForDeploymentPostprocessing = 0;
		};
		D2B53D9C286B1197001E0A55 /* Frameworks */ = {
			isa = PBXFrameworksBuildPhase;
			buildActionMask = 2147483647;
			files = (
			);
			runOnlyForDeploymentPostprocessing = 0;
		};
		D2B53DA6286B1197001E0A55 /* Frameworks */ = {
			isa = PBXFrameworksBuildPhase;
			buildActionMask = 2147483647;
			files = (
			);
			runOnlyForDeploymentPostprocessing = 0;
		};
/* End PBXFrameworksBuildPhase section */

/* Begin PBXGroup section */
		D202D6B52882D10F00EE3224 /* Localization */ = {
			isa = PBXGroup;
			children = (
				D202D6B62882D12100EE3224 /* I18n.swift */,
				D202D6BF2882D44700EE3224 /* I18n+Feed.swift */,
			);
			path = Localization;
			sourceTree = "<group>";
		};
		D285B736286B31ED000E7257 /* Views */ = {
			isa = PBXGroup;
			children = (
				D2B769442889D16B0034E078 /* UITableView+DequeReusableCellOfType.swift */,
				D2ABAE2B2884428500B43776 /* UIView+Constraints.swift */,
			);
			path = Views;
			sourceTree = "<group>";
		};
		D2B53D80286B1196001E0A55 = {
			isa = PBXGroup;
			children = (
				D2B53D8B286B1196001E0A55 /* iOS */,
				D2B53DA2286B1197001E0A55 /* Tests */,
				D2B53DAC286B1197001E0A55 /* UITests */,
				D2B53D8A286B1196001E0A55 /* Products */,
			);
			sourceTree = "<group>";
		};
		D2B53D8A286B1196001E0A55 /* Products */ = {
			isa = PBXGroup;
			children = (
				D2B53D89286B1196001E0A55 /* feedme.app */,
				D2B53D9F286B1197001E0A55 /* Tests.xctest */,
				D2B53DA9286B1197001E0A55 /* UITests.xctest */,
			);
			name = Products;
			sourceTree = "<group>";
		};
		D2B53D8B286B1196001E0A55 /* iOS */ = {
			isa = PBXGroup;
			children = (
				D2B76946288A14E90034E078 /* API */,
				D2B7694D288A210E0034E078 /* App */,
				D2B53D8C286B1196001E0A55 /* AppDelegate.swift */,
				D2B53D95286B1197001E0A55 /* Assets.xcassets */,
				D2B53D9A286B1197001E0A55 /* Info.plist */,
				D2B53D97286B1197001E0A55 /* LaunchScreen.storyboard */,
				D202D6B52882D10F00EE3224 /* Localization */,
				D2B53DBF286B1ED1001E0A55 /* Preview Content */,
				D2B53D8E286B1196001E0A55 /* SceneDelegate.swift */,
				D2B769422889CD210034E078 /* Scenes */,
				D285B736286B31ED000E7257 /* Views */,
			);
			path = iOS;
			sourceTree = "<group>";
		};
		D2B53DA2286B1197001E0A55 /* Tests */ = {
			isa = PBXGroup;
			children = (
				D2F7A314286F048C00E01035 /* iOS */,
			);
			path = Tests;
			sourceTree = "<group>";
		};
		D2B53DAC286B1197001E0A55 /* UITests */ = {
			isa = PBXGroup;
			children = (
				D2B53DAD286B1197001E0A55 /* FeedmeUITests.swift */,
				D2B53DAF286B1197001E0A55 /* FeedmeUITestsLaunchTests.swift */,
			);
			path = UITests;
			sourceTree = "<group>";
		};
		D2B53DBF286B1ED1001E0A55 /* Preview Content */ = {
			isa = PBXGroup;
			children = (
				D2ABAE272883560F00B43776 /* IntrinsicContentSizeWrapper.swift */,
				D2B53DC0286B1EF8001E0A55 /* Preview Assets.xcassets */,
				D2ABAE2928843B3D00B43776 /* UIKit+PreviewProvider.swift */,
			);
			path = "Preview Content";
			sourceTree = "<group>";
		};
		D2B769422889CD210034E078 /* Scenes */ = {
			isa = PBXGroup;
			children = (
				D2B769432889CD2B0034E078 /* Feed */,
			);
			path = Scenes;
			sourceTree = "<group>";
		};
		D2B769432889CD2B0034E078 /* Feed */ = {
			isa = PBXGroup;
			children = (
				D2C8A0B3288A8E530079FCAC /* FeedAction.swift */,
				D2C8A0B7288AC02D0079FCAC /* FeedEffect.swift */,
				D2C8A0BF288ACAB50079FCAC /* FeedEnvironment.swift */,
				D202D6B82882D26000EE3224 /* FeedRedditTableViewCell.swift */,
				D27C73E428846F01003658CD /* FeedRedditViewModel.swift */,
				D2C8A0B5288ABEBC0079FCAC /* FeedReducer.swift */,
				D2C8A0AF288A88850079FCAC /* FeedState.swift */,
				D2B53D90286B1196001E0A55 /* FeedViewController.swift */,
				D27C73E628847B02003658CD /* FeedViewModel.swift */,
			);
			path = Feed;
			sourceTree = "<group>";
		};
		D2B76946288A14E90034E078 /* API */ = {
			isa = PBXGroup;
			children = (
				D2C8A0C1288AE4CD0079FCAC /* HTTP.swift */,
				D2B76947288A14F50034E078 /* Models */,
				D2C8A0C3288B2CAF0079FCAC /* Request */,
			);
			path = API;
			sourceTree = "<group>";
		};
		D2B76947288A14F50034E078 /* Models */ = {
			isa = PBXGroup;
			children = (
				D2B7694B288A151F0034E078 /* RedditModel.swift */,
			);
			path = Models;
			sourceTree = "<group>";
		};
		D2B7694D288A210E0034E078 /* App */ = {
			isa = PBXGroup;
			children = (
				D2C8A0B1288A8E280079FCAC /* AppAction.swift */,
				D2B7694E288A21520034E078 /* AppEnvironment.swift */,
				D2B76950288A215A0034E078 /* AppState.swift */,
				D2F7A316286F04C400E01035 /* Store.swift */,
			);
			path = App;
			sourceTree = "<group>";
		};
		D2B76952288A807E0034E078 /* API */ = {
			isa = PBXGroup;
			children = (
				D2B76953288A80860034E078 /* Models */,
			);
			path = API;
			sourceTree = "<group>";
		};
		D2B76953288A80860034E078 /* Models */ = {
			isa = PBXGroup;
			children = (
				D2B76954288A80980034E078 /* RedditModelTests.swift */,
			);
			path = Models;
			sourceTree = "<group>";
		};
		D2C8A0B9288AC1A00079FCAC /* Scenes */ = {
			isa = PBXGroup;
			children = (
				D2C8A0BA288AC1A70079FCAC /* Feed */,
			);
			path = Scenes;
			sourceTree = "<group>";
		};
		D2C8A0BA288AC1A70079FCAC /* Feed */ = {
			isa = PBXGroup;
			children = (
				D2C8A0BB288AC1D80079FCAC /* FeedViewModelTests.swift */,
				D2C8A0BD288AC1F20079FCAC /* FeedRedditViewModelTests.swift */,
			);
			path = Feed;
			sourceTree = "<group>";
		};
		D2C8A0C3288B2CAF0079FCAC /* Request */ = {
			isa = PBXGroup;
			children = (
				D2C8A0C4288B2CBD0079FCAC /* RedditRequest.swift */,
			);
			path = Request;
			sourceTree = "<group>";
		};
		D2F7A314286F048C00E01035 /* iOS */ = {
			isa = PBXGroup;
			children = (
				D2B76952288A807E0034E078 /* API */,
				D2C8A0B9288AC1A00079FCAC /* Scenes */,
			);
			path = iOS;
			sourceTree = "<group>";
		};
/* End PBXGroup section */

/* Begin PBXNativeTarget section */
		D2B53D88286B1196001E0A55 /* iOS */ = {
			isa = PBXNativeTarget;
			buildConfigurationList = D2B53DB3286B1197001E0A55 /* Build configuration list for PBXNativeTarget "iOS" */;
			buildPhases = (
				D2B53D85286B1196001E0A55 /* Sources */,
				D2B53D86286B1196001E0A55 /* Frameworks */,
				D2B53D87286B1196001E0A55 /* Resources */,
			);
			buildRules = (
			);
			dependencies = (
			);
			name = iOS;
			packageProductDependencies = (
				D202D6B32882D06A00EE3224 /* Roots */,
			);
			productName = feedme;
			productReference = D2B53D89286B1196001E0A55 /* feedme.app */;
			productType = "com.apple.product-type.application";
		};
		D2B53D9E286B1197001E0A55 /* Tests */ = {
			isa = PBXNativeTarget;
			buildConfigurationList = D2B53DB6286B1197001E0A55 /* Build configuration list for PBXNativeTarget "Tests" */;
			buildPhases = (
				D2B53D9B286B1197001E0A55 /* Sources */,
				D2B53D9C286B1197001E0A55 /* Frameworks */,
				D2B53D9D286B1197001E0A55 /* Resources */,
			);
			buildRules = (
			);
			dependencies = (
				D2B53DA1286B1197001E0A55 /* PBXTargetDependency */,
			);
			name = Tests;
			productName = feedmeTests;
			productReference = D2B53D9F286B1197001E0A55 /* Tests.xctest */;
			productType = "com.apple.product-type.bundle.unit-test";
		};
		D2B53DA8286B1197001E0A55 /* UITests */ = {
			isa = PBXNativeTarget;
			buildConfigurationList = D2B53DB9286B1197001E0A55 /* Build configuration list for PBXNativeTarget "UITests" */;
			buildPhases = (
				D2B53DA5286B1197001E0A55 /* Sources */,
				D2B53DA6286B1197001E0A55 /* Frameworks */,
				D2B53DA7286B1197001E0A55 /* Resources */,
			);
			buildRules = (
			);
			dependencies = (
				D2B53DAB286B1197001E0A55 /* PBXTargetDependency */,
			);
			name = UITests;
			productName = feedmeUITests;
			productReference = D2B53DA9286B1197001E0A55 /* UITests.xctest */;
			productType = "com.apple.product-type.bundle.ui-testing";
		};
/* End PBXNativeTarget section */

/* Begin PBXProject section */
		D2B53D81286B1196001E0A55 /* Project object */ = {
			isa = PBXProject;
			attributes = {
				BuildIndependentTargetsInParallel = 1;
				LastSwiftUpdateCheck = 1340;
				LastUpgradeCheck = 1340;
				TargetAttributes = {
					D2B53D88286B1196001E0A55 = {
						CreatedOnToolsVersion = 13.4.1;
					};
					D2B53D9E286B1197001E0A55 = {
						CreatedOnToolsVersion = 13.4.1;
						TestTargetID = D2B53D88286B1196001E0A55;
					};
					D2B53DA8286B1197001E0A55 = {
						CreatedOnToolsVersion = 13.4.1;
						TestTargetID = D2B53D88286B1196001E0A55;
					};
				};
			};
			buildConfigurationList = D2B53D84286B1196001E0A55 /* Build configuration list for PBXProject "feedme" */;
			compatibilityVersion = "Xcode 13.0";
			developmentRegion = en;
			hasScannedForEncodings = 0;
			knownRegions = (
				en,
				Base,
			);
			mainGroup = D2B53D80286B1196001E0A55;
			packageReferences = (
				D202D6B22882D06900EE3224 /* XCRemoteSwiftPackageReference "swift-roots" */,
			);
			productRefGroup = D2B53D8A286B1196001E0A55 /* Products */;
			projectDirPath = "";
			projectRoot = "";
			targets = (
				D2B53D88286B1196001E0A55 /* iOS */,
				D2B53D9E286B1197001E0A55 /* Tests */,
				D2B53DA8286B1197001E0A55 /* UITests */,
			);
		};
/* End PBXProject section */

/* Begin PBXResourcesBuildPhase section */
		D2B53D87286B1196001E0A55 /* Resources */ = {
			isa = PBXResourcesBuildPhase;
			buildActionMask = 2147483647;
			files = (
				D2B53DC1286B1EF8001E0A55 /* Preview Assets.xcassets in Resources */,
				D2B53D99286B1197001E0A55 /* LaunchScreen.storyboard in Resources */,
				D2B53D96286B1197001E0A55 /* Assets.xcassets in Resources */,
			);
			runOnlyForDeploymentPostprocessing = 0;
		};
		D2B53D9D286B1197001E0A55 /* Resources */ = {
			isa = PBXResourcesBuildPhase;
			buildActionMask = 2147483647;
			files = (
			);
			runOnlyForDeploymentPostprocessing = 0;
		};
		D2B53DA7286B1197001E0A55 /* Resources */ = {
			isa = PBXResourcesBuildPhase;
			buildActionMask = 2147483647;
			files = (
			);
			runOnlyForDeploymentPostprocessing = 0;
		};
/* End PBXResourcesBuildPhase section */

/* Begin PBXSourcesBuildPhase section */
		D2B53D85286B1196001E0A55 /* Sources */ = {
			isa = PBXSourcesBuildPhase;
			buildActionMask = 2147483647;
			files = (
				D2B53D91286B1196001E0A55 /* FeedViewController.swift in Sources */,
				D27C73E528846F01003658CD /* FeedRedditViewModel.swift in Sources */,
				D2C8A0B8288AC02D0079FCAC /* FeedEffect.swift in Sources */,
				D2C8A0C5288B2CBD0079FCAC /* RedditRequest.swift in Sources */,
				D2C8A0B6288ABEBC0079FCAC /* FeedReducer.swift in Sources */,
				D2ABAE282883560F00B43776 /* IntrinsicContentSizeWrapper.swift in Sources */,
				D2C8A0C0288ACAB50079FCAC /* FeedEnvironment.swift in Sources */,
				D2ABAE2A28843B3D00B43776 /* UIKit+PreviewProvider.swift in Sources */,
				D2B7694F288A21520034E078 /* AppEnvironment.swift in Sources */,
				D202D6C02882D44700EE3224 /* I18n+Feed.swift in Sources */,
				D2ABAE2C2884428500B43776 /* UIView+Constraints.swift in Sources */,
				D2B76951288A215A0034E078 /* AppState.swift in Sources */,
				D2B7694C288A151F0034E078 /* RedditModel.swift in Sources */,
				D2C8A0C2288AE4CD0079FCAC /* HTTP.swift in Sources */,
				D202D6B92882D26000EE3224 /* FeedRedditTableViewCell.swift in Sources */,
				D2F7A317286F04C400E01035 /* Store.swift in Sources */,
				D2C8A0B2288A8E280079FCAC /* AppAction.swift in Sources */,
				D2B53D8D286B1196001E0A55 /* AppDelegate.swift in Sources */,
				D2C8A0B4288A8E530079FCAC /* FeedAction.swift in Sources */,
				D2C8A0B0288A88850079FCAC /* FeedState.swift in Sources */,
				D2B769452889D16B0034E078 /* UITableView+DequeReusableCellOfType.swift in Sources */,
				D2B53D8F286B1196001E0A55 /* SceneDelegate.swift in Sources */,
				D202D6B72882D12100EE3224 /* I18n.swift in Sources */,
				D27C73E728847B02003658CD /* FeedViewModel.swift in Sources */,
			);
			runOnlyForDeploymentPostprocessing = 0;
		};
		D2B53D9B286B1197001E0A55 /* Sources */ = {
			isa = PBXSourcesBuildPhase;
			buildActionMask = 2147483647;
			files = (
				D2C8A0BE288AC1F20079FCAC /* FeedRedditViewModelTests.swift in Sources */,
				D2C8A0BC288AC1D80079FCAC /* FeedViewModelTests.swift in Sources */,
				D2B76955288A80980034E078 /* RedditModelTests.swift in Sources */,
			);
			runOnlyForDeploymentPostprocessing = 0;
		};
		D2B53DA5286B1197001E0A55 /* Sources */ = {
			isa = PBXSourcesBuildPhase;
			buildActionMask = 2147483647;
			files = (
				D2B53DB0286B1197001E0A55 /* FeedmeUITestsLaunchTests.swift in Sources */,
				D2B53DAE286B1197001E0A55 /* FeedmeUITests.swift in Sources */,
			);
			runOnlyForDeploymentPostprocessing = 0;
		};
/* End PBXSourcesBuildPhase section */

/* Begin PBXTargetDependency section */
		D2B53DA1286B1197001E0A55 /* PBXTargetDependency */ = {
			isa = PBXTargetDependency;
			target = D2B53D88286B1196001E0A55 /* iOS */;
			targetProxy = D2B53DA0286B1197001E0A55 /* PBXContainerItemProxy */;
		};
		D2B53DAB286B1197001E0A55 /* PBXTargetDependency */ = {
			isa = PBXTargetDependency;
			target = D2B53D88286B1196001E0A55 /* iOS */;
			targetProxy = D2B53DAA286B1197001E0A55 /* PBXContainerItemProxy */;
		};
/* End PBXTargetDependency section */

/* Begin PBXVariantGroup section */
		D2B53D97286B1197001E0A55 /* LaunchScreen.storyboard */ = {
			isa = PBXVariantGroup;
			children = (
				D2B53D98286B1197001E0A55 /* Base */,
			);
			name = LaunchScreen.storyboard;
			sourceTree = "<group>";
		};
/* End PBXVariantGroup section */

/* Begin XCBuildConfiguration section */
		D2B53DB1286B1197001E0A55 /* Debug */ = {
			isa = XCBuildConfiguration;
			buildSettings = {
				ALWAYS_SEARCH_USER_PATHS = NO;
				CLANG_ANALYZER_NONNULL = YES;
				CLANG_ANALYZER_NUMBER_OBJECT_CONVERSION = YES_AGGRESSIVE;
				CLANG_CXX_LANGUAGE_STANDARD = "gnu++17";
				CLANG_ENABLE_MODULES = YES;
				CLANG_ENABLE_OBJC_ARC = YES;
				CLANG_ENABLE_OBJC_WEAK = YES;
				CLANG_WARN_BLOCK_CAPTURE_AUTORELEASING = YES;
				CLANG_WARN_BOOL_CONVERSION = YES;
				CLANG_WARN_COMMA = YES;
				CLANG_WARN_CONSTANT_CONVERSION = YES;
				CLANG_WARN_DEPRECATED_OBJC_IMPLEMENTATIONS = YES;
				CLANG_WARN_DIRECT_OBJC_ISA_USAGE = YES_ERROR;
				CLANG_WARN_DOCUMENTATION_COMMENTS = YES;
				CLANG_WARN_EMPTY_BODY = YES;
				CLANG_WARN_ENUM_CONVERSION = YES;
				CLANG_WARN_INFINITE_RECURSION = YES;
				CLANG_WARN_INT_CONVERSION = YES;
				CLANG_WARN_NON_LITERAL_NULL_CONVERSION = YES;
				CLANG_WARN_OBJC_IMPLICIT_RETAIN_SELF = YES;
				CLANG_WARN_OBJC_LITERAL_CONVERSION = YES;
				CLANG_WARN_OBJC_ROOT_CLASS = YES_ERROR;
				CLANG_WARN_QUOTED_INCLUDE_IN_FRAMEWORK_HEADER = YES;
				CLANG_WARN_RANGE_LOOP_ANALYSIS = YES;
				CLANG_WARN_STRICT_PROTOTYPES = YES;
				CLANG_WARN_SUSPICIOUS_MOVE = YES;
				CLANG_WARN_UNGUARDED_AVAILABILITY = YES_AGGRESSIVE;
				CLANG_WARN_UNREACHABLE_CODE = YES;
				CLANG_WARN__DUPLICATE_METHOD_MATCH = YES;
				COPY_PHASE_STRIP = NO;
				DEBUG_INFORMATION_FORMAT = dwarf;
				ENABLE_STRICT_OBJC_MSGSEND = YES;
				ENABLE_TESTABILITY = YES;
				GCC_C_LANGUAGE_STANDARD = gnu11;
				GCC_DYNAMIC_NO_PIC = NO;
				GCC_NO_COMMON_BLOCKS = YES;
				GCC_OPTIMIZATION_LEVEL = 0;
				GCC_PREPROCESSOR_DEFINITIONS = (
					"DEBUG=1",
					"$(inherited)",
				);
				GCC_WARN_64_TO_32_BIT_CONVERSION = YES;
				GCC_WARN_ABOUT_RETURN_TYPE = YES_ERROR;
				GCC_WARN_UNDECLARED_SELECTOR = YES;
				GCC_WARN_UNINITIALIZED_AUTOS = YES_AGGRESSIVE;
				GCC_WARN_UNUSED_FUNCTION = YES;
				GCC_WARN_UNUSED_VARIABLE = YES;
				IPHONEOS_DEPLOYMENT_TARGET = 15.5;
				MTL_ENABLE_DEBUG_INFO = INCLUDE_SOURCE;
				MTL_FAST_MATH = YES;
				ONLY_ACTIVE_ARCH = YES;
				SDKROOT = iphoneos;
				SWIFT_ACTIVE_COMPILATION_CONDITIONS = DEBUG;
				SWIFT_OPTIMIZATION_LEVEL = "-Onone";
			};
			name = Debug;
		};
		D2B53DB2286B1197001E0A55 /* Release */ = {
			isa = XCBuildConfiguration;
			buildSettings = {
				ALWAYS_SEARCH_USER_PATHS = NO;
				CLANG_ANALYZER_NONNULL = YES;
				CLANG_ANALYZER_NUMBER_OBJECT_CONVERSION = YES_AGGRESSIVE;
				CLANG_CXX_LANGUAGE_STANDARD = "gnu++17";
				CLANG_ENABLE_MODULES = YES;
				CLANG_ENABLE_OBJC_ARC = YES;
				CLANG_ENABLE_OBJC_WEAK = YES;
				CLANG_WARN_BLOCK_CAPTURE_AUTORELEASING = YES;
				CLANG_WARN_BOOL_CONVERSION = YES;
				CLANG_WARN_COMMA = YES;
				CLANG_WARN_CONSTANT_CONVERSION = YES;
				CLANG_WARN_DEPRECATED_OBJC_IMPLEMENTATIONS = YES;
				CLANG_WARN_DIRECT_OBJC_ISA_USAGE = YES_ERROR;
				CLANG_WARN_DOCUMENTATION_COMMENTS = YES;
				CLANG_WARN_EMPTY_BODY = YES;
				CLANG_WARN_ENUM_CONVERSION = YES;
				CLANG_WARN_INFINITE_RECURSION = YES;
				CLANG_WARN_INT_CONVERSION = YES;
				CLANG_WARN_NON_LITERAL_NULL_CONVERSION = YES;
				CLANG_WARN_OBJC_IMPLICIT_RETAIN_SELF = YES;
				CLANG_WARN_OBJC_LITERAL_CONVERSION = YES;
				CLANG_WARN_OBJC_ROOT_CLASS = YES_ERROR;
				CLANG_WARN_QUOTED_INCLUDE_IN_FRAMEWORK_HEADER = YES;
				CLANG_WARN_RANGE_LOOP_ANALYSIS = YES;
				CLANG_WARN_STRICT_PROTOTYPES = YES;
				CLANG_WARN_SUSPICIOUS_MOVE = YES;
				CLANG_WARN_UNGUARDED_AVAILABILITY = YES_AGGRESSIVE;
				CLANG_WARN_UNREACHABLE_CODE = YES;
				CLANG_WARN__DUPLICATE_METHOD_MATCH = YES;
				COPY_PHASE_STRIP = NO;
				DEBUG_INFORMATION_FORMAT = "dwarf-with-dsym";
				ENABLE_NS_ASSERTIONS = NO;
				ENABLE_STRICT_OBJC_MSGSEND = YES;
				GCC_C_LANGUAGE_STANDARD = gnu11;
				GCC_NO_COMMON_BLOCKS = YES;
				GCC_WARN_64_TO_32_BIT_CONVERSION = YES;
				GCC_WARN_ABOUT_RETURN_TYPE = YES_ERROR;
				GCC_WARN_UNDECLARED_SELECTOR = YES;
				GCC_WARN_UNINITIALIZED_AUTOS = YES_AGGRESSIVE;
				GCC_WARN_UNUSED_FUNCTION = YES;
				GCC_WARN_UNUSED_VARIABLE = YES;
				IPHONEOS_DEPLOYMENT_TARGET = 15.5;
				MTL_ENABLE_DEBUG_INFO = NO;
				MTL_FAST_MATH = YES;
				SDKROOT = iphoneos;
				SWIFT_COMPILATION_MODE = wholemodule;
				SWIFT_OPTIMIZATION_LEVEL = "-O";
				VALIDATE_PRODUCT = YES;
			};
			name = Release;
		};
		D2B53DB4286B1197001E0A55 /* Debug */ = {
			isa = XCBuildConfiguration;
			buildSettings = {
				ASSETCATALOG_COMPILER_APPICON_NAME = AppIcon;
				ASSETCATALOG_COMPILER_GLOBAL_ACCENT_COLOR_NAME = AccentColor;
				CODE_SIGN_STYLE = Automatic;
				CURRENT_PROJECT_VERSION = 1;
				DEVELOPMENT_ASSET_PATHS = "\"${TARGET_NAME}/Preview Content\"";
				DEVELOPMENT_TEAM = SZBVKVY4W2;
				GENERATE_INFOPLIST_FILE = YES;
				INFOPLIST_FILE = "${TARGET_NAME}/Info.plist";
				INFOPLIST_KEY_UIApplicationSupportsIndirectInputEvents = YES;
				INFOPLIST_KEY_UILaunchStoryboardName = LaunchScreen;
				INFOPLIST_KEY_UISupportedInterfaceOrientations_iPad = "UIInterfaceOrientationPortrait UIInterfaceOrientationPortraitUpsideDown UIInterfaceOrientationLandscapeLeft UIInterfaceOrientationLandscapeRight";
				INFOPLIST_KEY_UISupportedInterfaceOrientations_iPhone = "UIInterfaceOrientationPortrait UIInterfaceOrientationLandscapeLeft UIInterfaceOrientationLandscapeRight";
				LD_RUNPATH_SEARCH_PATHS = (
					"$(inherited)",
					"@executable_path/Frameworks",
				);
				MARKETING_VERSION = 1.0;
				PRODUCT_BUNDLE_IDENTIFIER = "com.jjgp.${PROJECT_NAME}";
				PRODUCT_NAME = "${PROJECT_NAME}";
				SWIFT_EMIT_LOC_STRINGS = YES;
				SWIFT_VERSION = 5.0;
				TARGETED_DEVICE_FAMILY = "1,2";
			};
			name = Debug;
		};
		D2B53DB5286B1197001E0A55 /* Release */ = {
			isa = XCBuildConfiguration;
			buildSettings = {
				ASSETCATALOG_COMPILER_APPICON_NAME = AppIcon;
				ASSETCATALOG_COMPILER_GLOBAL_ACCENT_COLOR_NAME = AccentColor;
				CODE_SIGN_STYLE = Automatic;
				CURRENT_PROJECT_VERSION = 1;
				DEVELOPMENT_ASSET_PATHS = "\"${TARGET_NAME}/Preview Content\"";
				DEVELOPMENT_TEAM = SZBVKVY4W2;
				GENERATE_INFOPLIST_FILE = YES;
				INFOPLIST_FILE = "${TARGET_NAME}/Info.plist";
				INFOPLIST_KEY_UIApplicationSupportsIndirectInputEvents = YES;
				INFOPLIST_KEY_UILaunchStoryboardName = LaunchScreen;
				INFOPLIST_KEY_UISupportedInterfaceOrientations_iPad = "UIInterfaceOrientationPortrait UIInterfaceOrientationPortraitUpsideDown UIInterfaceOrientationLandscapeLeft UIInterfaceOrientationLandscapeRight";
				INFOPLIST_KEY_UISupportedInterfaceOrientations_iPhone = "UIInterfaceOrientationPortrait UIInterfaceOrientationLandscapeLeft UIInterfaceOrientationLandscapeRight";
				LD_RUNPATH_SEARCH_PATHS = (
					"$(inherited)",
					"@executable_path/Frameworks",
				);
				MARKETING_VERSION = 1.0;
				PRODUCT_BUNDLE_IDENTIFIER = "com.jjgp.${PROJECT_NAME}";
				PRODUCT_NAME = "${PROJECT_NAME}";
				SWIFT_EMIT_LOC_STRINGS = YES;
				SWIFT_VERSION = 5.0;
				TARGETED_DEVICE_FAMILY = "1,2";
			};
			name = Release;
		};
		D2B53DB7286B1197001E0A55 /* Debug */ = {
			isa = XCBuildConfiguration;
			buildSettings = {
				ALWAYS_EMBED_SWIFT_STANDARD_LIBRARIES = YES;
				BUNDLE_LOADER = "$(TEST_HOST)";
				CODE_SIGN_STYLE = Automatic;
				CURRENT_PROJECT_VERSION = 1;
				DEVELOPMENT_TEAM = SZBVKVY4W2;
				GENERATE_INFOPLIST_FILE = YES;
				IPHONEOS_DEPLOYMENT_TARGET = 15.5;
				MARKETING_VERSION = 1.0;
				PRODUCT_BUNDLE_IDENTIFIER = "com.jjgp.${PROJECT_NAME}.${TARGET_NAME}";
				PRODUCT_NAME = "$(TARGET_NAME)";
				SWIFT_EMIT_LOC_STRINGS = NO;
				SWIFT_VERSION = 5.0;
				TARGETED_DEVICE_FAMILY = "1,2";
				TEST_HOST = "$(BUILT_PRODUCTS_DIR)/feedme.app/feedme";
			};
			name = Debug;
		};
		D2B53DB8286B1197001E0A55 /* Release */ = {
			isa = XCBuildConfiguration;
			buildSettings = {
				ALWAYS_EMBED_SWIFT_STANDARD_LIBRARIES = YES;
				BUNDLE_LOADER = "$(TEST_HOST)";
				CODE_SIGN_STYLE = Automatic;
				CURRENT_PROJECT_VERSION = 1;
				DEVELOPMENT_TEAM = SZBVKVY4W2;
				GENERATE_INFOPLIST_FILE = YES;
				IPHONEOS_DEPLOYMENT_TARGET = 15.5;
				MARKETING_VERSION = 1.0;
				PRODUCT_BUNDLE_IDENTIFIER = "com.jjgp.${PROJECT_NAME}.${TARGET_NAME}";
				PRODUCT_NAME = "$(TARGET_NAME)";
				SWIFT_EMIT_LOC_STRINGS = NO;
				SWIFT_VERSION = 5.0;
				TARGETED_DEVICE_FAMILY = "1,2";
				TEST_HOST = "$(BUILT_PRODUCTS_DIR)/feedme.app/feedme";
			};
			name = Release;
		};
		D2B53DBA286B1197001E0A55 /* Debug */ = {
			isa = XCBuildConfiguration;
			buildSettings = {
				ALWAYS_EMBED_SWIFT_STANDARD_LIBRARIES = YES;
				CODE_SIGN_STYLE = Automatic;
				CURRENT_PROJECT_VERSION = 1;
				DEVELOPMENT_TEAM = SZBVKVY4W2;
				GENERATE_INFOPLIST_FILE = YES;
				MARKETING_VERSION = 1.0;
				PRODUCT_BUNDLE_IDENTIFIER = "com.jjgp.${PROJECT_NAME}.${TARGET_NAME}";
				PRODUCT_NAME = "$(TARGET_NAME)";
				SWIFT_EMIT_LOC_STRINGS = NO;
				SWIFT_VERSION = 5.0;
				TARGETED_DEVICE_FAMILY = "1,2";
				TEST_TARGET_NAME = "${PROJECT_NAME}";
			};
			name = Debug;
		};
		D2B53DBB286B1197001E0A55 /* Release */ = {
			isa = XCBuildConfiguration;
			buildSettings = {
				ALWAYS_EMBED_SWIFT_STANDARD_LIBRARIES = YES;
				CODE_SIGN_STYLE = Automatic;
				CURRENT_PROJECT_VERSION = 1;
				DEVELOPMENT_TEAM = SZBVKVY4W2;
				GENERATE_INFOPLIST_FILE = YES;
				MARKETING_VERSION = 1.0;
				PRODUCT_BUNDLE_IDENTIFIER = "com.jjgp.${PROJECT_NAME}.${TARGET_NAME}";
				PRODUCT_NAME = "$(TARGET_NAME)";
				SWIFT_EMIT_LOC_STRINGS = NO;
				SWIFT_VERSION = 5.0;
				TARGETED_DEVICE_FAMILY = "1,2";
				TEST_TARGET_NAME = "${PROJECT_NAME}";
			};
			name = Release;
		};
/* End XCBuildConfiguration section */

/* Begin XCConfigurationList section */
		D2B53D84286B1196001E0A55 /* Build configuration list for PBXProject "feedme" */ = {
			isa = XCConfigurationList;
			buildConfigurations = (
				D2B53DB1286B1197001E0A55 /* Debug */,
				D2B53DB2286B1197001E0A55 /* Release */,
			);
			defaultConfigurationIsVisible = 0;
			defaultConfigurationName = Release;
		};
		D2B53DB3286B1197001E0A55 /* Build configuration list for PBXNativeTarget "iOS" */ = {
			isa = XCConfigurationList;
			buildConfigurations = (
				D2B53DB4286B1197001E0A55 /* Debug */,
				D2B53DB5286B1197001E0A55 /* Release */,
			);
			defaultConfigurationIsVisible = 0;
			defaultConfigurationName = Release;
		};
		D2B53DB6286B1197001E0A55 /* Build configuration list for PBXNativeTarget "Tests" */ = {
			isa = XCConfigurationList;
			buildConfigurations = (
				D2B53DB7286B1197001E0A55 /* Debug */,
				D2B53DB8286B1197001E0A55 /* Release */,
			);
			defaultConfigurationIsVisible = 0;
			defaultConfigurationName = Release;
		};
		D2B53DB9286B1197001E0A55 /* Build configuration list for PBXNativeTarget "UITests" */ = {
			isa = XCConfigurationList;
			buildConfigurations = (
				D2B53DBA286B1197001E0A55 /* Debug */,
				D2B53DBB286B1197001E0A55 /* Release */,
			);
			defaultConfigurationIsVisible = 0;
			defaultConfigurationName = Release;
		};
/* End XCConfigurationList section */

/* Begin XCRemoteSwiftPackageReference section */
		D202D6B22882D06900EE3224 /* XCRemoteSwiftPackageReference "swift-roots" */ = {
			isa = XCRemoteSwiftPackageReference;
			repositoryURL = "https://github.com/jjgp/swift-roots";
			requirement = {
				branch = main;
				kind = branch;
			};
		};
/* End XCRemoteSwiftPackageReference section */

/* Begin XCSwiftPackageProductDependency section */
		D202D6B32882D06A00EE3224 /* Roots */ = {
			isa = XCSwiftPackageProductDependency;
			package = D202D6B22882D06900EE3224 /* XCRemoteSwiftPackageReference "swift-roots" */;
			productName = Roots;
		};
/* End XCSwiftPackageProductDependency section */
	};
	rootObject = D2B53D81286B1196001E0A55 /* Project object */;
}
